
Microsoft Visual Studio Solution File, Format Version 12.00
# Visual Studio Version 17
VisualStudioVersion = 17.7.34024.191
MinimumVisualStudioVersion = 10.0.40219.1
Project("{FAE04EC0-301F-11D3-BF4B-00C04F79EFBC}") = "TcpEchoServerThread", "Bai2\TcpEchoServerThread.csproj", "{B40E8437-D03C-4E17-98F9-4292D76429D7}"
EndProject
Project("{FAE04EC0-301F-11D3-BF4B-00C04F79EFBC}") = "TcpEchoClient", "TcpEchoClient\TcpEchoClient.csproj", "{8FEB24BA-A690-485D-A5AB-A68E607C71D0}"
EndProject
Global
	GlobalSection(SolutionConfigurationPlatforms) = preSolution
		Debug|Any CPU = Debug|Any CPU
		Release|Any CPU = Release|Any CPU
	EndGlobalSection
	GlobalSection(ProjectConfigurationPlatforms) = postSolution
		{B40E8437-D03C-4E17-98F9-4292D76429D7}.Debug|Any CPU.ActiveCfg = Debug|Any CPU
		{B40E8437-D03C-4E17-98F9-4292D76429D7}.Debug|Any CPU.Build.0 = Debug|Any CPU
		{B40E8437-D03C-4E17-98F9-4292D76429D7}.Release|Any CPU.ActiveCfg = Release|Any CPU
		{B40E8437-D03C-4E17-98F9-4292D76429D7}.Release|Any CPU.Build.0 = Release|Any CPU
		{8FEB24BA-A690-485D-A5AB-A68E607C71D0}.Debug|Any CPU.ActiveCfg = Debug|Any CPU
		{8FEB24BA-A690-485D-A5AB-A68E607C71D0}.Debug|Any CPU.Build.0 = Debug|Any CPU
		{8FEB24BA-A690-485D-A5AB-A68E607C71D0}.Release|Any CPU.ActiveCfg = Release|Any CPU
		{8FEB24BA-A690-485D-A5AB-A68E607C71D0}.Release|Any CPU.Build.0 = Release|Any CPU
	EndGlobalSection
	GlobalSection(SolutionProperties) = preSolution
		HideSolutionNode = FALSE
	EndGlobalSection
	GlobalSection(ExtensibilityGlobals) = postSolution
		SolutionGuid = {D2298B6A-EB0B-4A35-B840-4B32D95D7FE6}
	EndGlobalSection
EndGlobal
